
Microsoft Visual Studio Solution File, Format Version 12.00
# Visual Studio 15
VisualStudioVersion = 15.0.27130.2036
MinimumVisualStudioVersion = 10.0.40219.1
Project("{FAE04EC0-301F-11D3-BF4B-00C04F79EFBC}") = "USBLAN_Sample", "USBLAN_Sample\USBLAN_Sample.csproj", "{1320DFD2-8E0D-4D15-8A95-D11F0130D397}"
EndProject
Global
	GlobalSection(SolutionConfigurationPlatforms) = preSolution
		Debug|Any CPU = Debug|Any CPU
		Release|Any CPU = Release|Any CPU
	EndGlobalSection
	GlobalSection(ProjectConfigurationPlatforms) = postSolution
		{1320DFD2-8E0D-4D15-8A95-D11F0130D397}.Debug|Any CPU.ActiveCfg = Debug|Any CPU
		{1320DFD2-8E0D-4D15-8A95-D11F0130D397}.Debug|Any CPU.Build.0 = Debug|Any CPU
		{1320DFD2-8E0D-4D15-8A95-D11F0130D397}.Release|Any CPU.ActiveCfg = Release|Any CPU
		{1320DFD2-8E0D-4D15-8A95-D11F0130D397}.Release|Any CPU.Build.0 = Release|Any CPU
	EndGlobalSection
	GlobalSection(SolutionProperties) = preSolution
		HideSolutionNode = FALSE
	EndGlobalSection
	GlobalSection(ExtensibilityGlobals) = postSolution
		SolutionGuid = {6C0AFF6C-5148-4EC2-8EE3-22641F5A7D3B}
	EndGlobalSection
EndGlobal
